// !$*UTF8*$!
{
	archiveVersion = 1;
	classes = {
	};
	objectVersion = 55;
	objects = {

/* Begin PBXBuildFile section */
		0962BC2827CA71D1005ECD8C /* AppDelegate.swift in Sources */ = {isa = PBXBuildFile; fileRef = 0962BC2727CA71D1005ECD8C /* AppDelegate.swift */; };
		0962BC2A27CA71D1005ECD8C /* SceneDelegate.swift in Sources */ = {isa = PBXBuildFile; fileRef = 0962BC2927CA71D1005ECD8C /* SceneDelegate.swift */; };
		0962BC2C27CA71D1005ECD8C /* ViewController.swift in Sources */ = {isa = PBXBuildFile; fileRef = 0962BC2B27CA71D1005ECD8C /* ViewController.swift */; };
		0962BC2F27CA71D1005ECD8C /* Main.storyboard in Resources */ = {isa = PBXBuildFile; fileRef = 0962BC2D27CA71D1005ECD8C /* Main.storyboard */; };
		0962BC3127CA71D2005ECD8C /* Assets.xcassets in Resources */ = {isa = PBXBuildFile; fileRef = 0962BC3027CA71D2005ECD8C /* Assets.xcassets */; };
		0962BC3427CA71D2005ECD8C /* LaunchScreen.storyboard in Resources */ = {isa = PBXBuildFile; fileRef = 0962BC3227CA71D2005ECD8C /* LaunchScreen.storyboard */; };
		0962BC3D27CA720D005ECD8C /* SheetPresentationControllerViewController.swift in Sources */ = {isa = PBXBuildFile; fileRef = 0962BC3C27CA720D005ECD8C /* SheetPresentationControllerViewController.swift */; };
		0962BC3F27CA7227005ECD8C /* SheetPresentationController.storyboard in Resources */ = {isa = PBXBuildFile; fileRef = 0962BC3E27CA7227005ECD8C /* SheetPresentationController.storyboard */; };
		0962BC4127CA7E9D005ECD8C /* Cell.swift in Sources */ = {isa = PBXBuildFile; fileRef = 0962BC4027CA7E9D005ECD8C /* Cell.swift */; };
/* End PBXBuildFile section */

/* Begin PBXFileReference section */
		095F111227CBC1F800A380B1 /* ar */ = {isa = PBXFileReference; lastKnownFileType = text.plist.strings; name = ar; path = ar.lproj/Main.strings; sourceTree = "<group>"; };
		095F111327CBC1F800A380B1 /* ar */ = {isa = PBXFileReference; lastKnownFileType = text.plist.strings; name = ar; path = ar.lproj/LaunchScreen.strings; sourceTree = "<group>"; };
		0962BC2427CA71D1005ECD8C /* SheetPresentationController.app */ = {isa = PBXFileReference; explicitFileType = wrapper.application; includeInIndex = 0; path = SheetPresentationController.app; sourceTree = BUILT_PRODUCTS_DIR; };
		0962BC2727CA71D1005ECD8C /* AppDelegate.swift */ = {isa = PBXFileReference; lastKnownFileType = sourcecode.swift; path = AppDelegate.swift; sourceTree = "<group>"; };
		0962BC2927CA71D1005ECD8C /* SceneDelegate.swift */ = {isa = PBXFileReference; lastKnownFileType = sourcecode.swift; path = SceneDelegate.swift; sourceTree = "<group>"; };
		0962BC2B27CA71D1005ECD8C /* ViewController.swift */ = {isa = PBXFileReference; lastKnownFileType = sourcecode.swift; path = ViewController.swift; sourceTree = "<group>"; };
		0962BC2E27CA71D1005ECD8C /* Base */ = {isa = PBXFileReference; lastKnownFileType = file.storyboard; name = Base; path = Base.lproj/Main.storyboard; sourceTree = "<group>"; };
		0962BC3027CA71D2005ECD8C /* Assets.xcassets */ = {isa = PBXFileReference; lastKnownFileType = folder.assetcatalog; path = Assets.xcassets; sourceTree = "<group>"; };
		0962BC3327CA71D2005ECD8C /* Base */ = {isa = PBXFileReference; lastKnownFileType = file.storyboard; name = Base; path = Base.lproj/LaunchScreen.storyboard; sourceTree = "<group>"; };
		0962BC3527CA71D2005ECD8C /* Info.plist */ = {isa = PBXFileReference; lastKnownFileType = text.plist.xml; path = Info.plist; sourceTree = "<group>"; };
		0962BC3C27CA720D005ECD8C /* SheetPresentationControllerViewController.swift */ = {isa = PBXFileReference; lastKnownFileType = sourcecode.swift; path = SheetPresentationControllerViewController.swift; sourceTree = "<group>"; };
		0962BC3E27CA7227005ECD8C /* SheetPresentationController.storyboard */ = {isa = PBXFileReference; lastKnownFileType = file.storyboard; path = SheetPresentationController.storyboard; sourceTree = "<group>"; };
		0962BC4027CA7E9D005ECD8C /* Cell.swift */ = {isa = PBXFileReference; lastKnownFileType = sourcecode.swift; path = Cell.swift; sourceTree = "<group>"; };
/* End PBXFileReference section */

/* Begin PBXFrameworksBuildPhase section */
		0962BC2127CA71D1005ECD8C /* Frameworks */ = {
			isa = PBXFrameworksBuildPhase;
			buildActionMask = 2147483647;
			files = (
			);
			runOnlyForDeploymentPostprocessing = 0;
		};
/* End PBXFrameworksBuildPhase section */

/* Begin PBXGroup section */
		0962BC1B27CA71D0005ECD8C = {
			isa = PBXGroup;
			children = (
				0962BC2627CA71D1005ECD8C /* SheetPresentationController */,
				0962BC2527CA71D1005ECD8C /* Products */,
			);
			sourceTree = "<group>";
		};
		0962BC2527CA71D1005ECD8C /* Products */ = {
			isa = PBXGroup;
			children = (
				0962BC2427CA71D1005ECD8C /* SheetPresentationController.app */,
			);
			name = Products;
			sourceTree = "<group>";
		};
		0962BC2627CA71D1005ECD8C /* SheetPresentationController */ = {
			isa = PBXGroup;
			children = (
				0962BC2727CA71D1005ECD8C /* AppDelegate.swift */,
				0962BC2927CA71D1005ECD8C /* SceneDelegate.swift */,
				0962BC2B27CA71D1005ECD8C /* ViewController.swift */,
				0962BC2D27CA71D1005ECD8C /* Main.storyboard */,
				0962BC3B27CA71E4005ECD8C /* SheetPresentationController */,
				0962BC3027CA71D2005ECD8C /* Assets.xcassets */,
				0962BC3227CA71D2005ECD8C /* LaunchScreen.storyboard */,
				0962BC3527CA71D2005ECD8C /* Info.plist */,
			);
			path = SheetPresentationController;
			sourceTree = "<group>";
		};
		0962BC3B27CA71E4005ECD8C /* SheetPresentationController */ = {
			isa = PBXGroup;
			children = (
				0962BC3C27CA720D005ECD8C /* SheetPresentationControllerViewController.swift */,
				0962BC3E27CA7227005ECD8C /* SheetPresentationController.storyboard */,
				0962BC4027CA7E9D005ECD8C /* Cell.swift */,
			);
			path = SheetPresentationController;
			sourceTree = "<group>";
		};
/* End PBXGroup section */

/* Begin PBXNativeTarget section */
		0962BC2327CA71D1005ECD8C /* SheetPresentationController */ = {
			isa = PBXNativeTarget;
			buildConfigurationList = 0962BC3827CA71D2005ECD8C /* Build configuration list for PBXNativeTarget "SheetPresentationController" */;
			buildPhases = (
				0962BC2027CA71D1005ECD8C /* Sources */,
				0962BC2127CA71D1005ECD8C /* Frameworks */,
				0962BC2227CA71D1005ECD8C /* Resources */,
			);
			buildRules = (
			);
			dependencies = (
			);
			name = SheetPresentationController;
			productName = SheetPresentationController;
			productReference = 0962BC2427CA71D1005ECD8C /* SheetPresentationController.app */;
			productType = "com.apple.product-type.application";
		};
/* End PBXNativeTarget section */

/* Begin PBXProject section */
		0962BC1C27CA71D0005ECD8C /* Project object */ = {
			isa = PBXProject;
			attributes = {
				BuildIndependentTargetsInParallel = 1;
				LastSwiftUpdateCheck = 1320;
				LastUpgradeCheck = 1320;
				TargetAttributes = {
					0962BC2327CA71D1005ECD8C = {
						CreatedOnToolsVersion = 13.2.1;
					};
				};
			};
			buildConfigurationList = 0962BC1F27CA71D0005ECD8C /* Build configuration list for PBXProject "SheetPresentationController" */;
			compatibilityVersion = "Xcode 13.0";
			developmentRegion = en;
			hasScannedForEncodings = 0;
			knownRegions = (
				en,
				Base,
				ar,
			);
			mainGroup = 0962BC1B27CA71D0005ECD8C;
			productRefGroup = 0962BC2527CA71D1005ECD8C /* Products */;
			projectDirPath = "";
			projectRoot = "";
			targets = (
				0962BC2327CA71D1005ECD8C /* SheetPresentationController */,
			);
		};
/* End PBXProject section */

/* Begin PBXResourcesBuildPhase section */
		0962BC2227CA71D1005ECD8C /* Resources */ = {
			isa = PBXResourcesBuildPhase;
			buildActionMask = 2147483647;
			files = (
				0962BC3427CA71D2005ECD8C /* LaunchScreen.storyboard in Resources */,
				0962BC3127CA71D2005ECD8C /* Assets.xcassets in Resources */,
				0962BC3F27CA7227005ECD8C /* SheetPresentationController.storyboard in Resources */,
				0962BC2F27CA71D1005ECD8C /* Main.storyboard in Resources */,
			);
			runOnlyForDeploymentPostprocessing = 0;
		};
/* End PBXResourcesBuildPhase section */

/* Begin PBXSourcesBuildPhase section */
		0962BC2027CA71D1005ECD8C /* Sources */ = {
			isa = PBXSourcesBuildPhase;
			buildActionMask = 2147483647;
			files = (
				0962BC2C27CA71D1005ECD8C /* ViewController.swift in Sources */,
				0962BC2827CA71D1005ECD8C /* AppDelegate.swift in Sources */,
				0962BC4127CA7E9D005ECD8C /* Cell.swift in Sources */,
				0962BC3D27CA720D005ECD8C /* SheetPresentationControllerViewController.swift in Sources */,
				0962BC2A27CA71D1005ECD8C /* SceneDelegate.swift in Sources */,
			);
			runOnlyForDeploymentPostprocessing = 0;
		};
/* End PBXSourcesBuildPhase section */

/* Begin PBXVariantGroup section */
		0962BC2D27CA71D1005ECD8C /* Main.storyboard */ = {
			isa = PBXVariantGroup;
			children = (
				0962BC2E27CA71D1005ECD8C /* Base */,
				095F111227CBC1F800A380B1 /* ar */,
			);
			name = Main.storyboard;
			sourceTree = "<group>";
		};
		0962BC3227CA71D2005ECD8C /* LaunchScreen.storyboard */ = {
			isa = PBXVariantGroup;
			children = (
				0962BC3327CA71D2005ECD8C /* Base */,
				095F111327CBC1F800A380B1 /* ar */,
			);
			name = LaunchScreen.storyboard;
			sourceTree = "<group>";
		};
/* End PBXVariantGroup section */

/* Begin XCBuildConfiguration section */
		0962BC3627CA71D2005ECD8C /* Debug */ = {
			isa = XCBuildConfiguration;
			buildSettings = {
				ALWAYS_SEARCH_USER_PATHS = NO;
				CLANG_ANALYZER_LOCALIZABILITY_NONLOCALIZED = YES;
				CLANG_ANALYZER_NONNULL = YES;
				CLANG_ANALYZER_NUMBER_OBJECT_CONVERSION = YES_AGGRESSIVE;
				CLANG_CXX_LANGUAGE_STANDARD = "gnu++17";
				CLANG_CXX_LIBRARY = "libc++";
				CLANG_ENABLE_MODULES = YES;
				CLANG_ENABLE_OBJC_ARC = YES;
				CLANG_ENABLE_OBJC_WEAK = YES;
				CLANG_WARN_BLOCK_CAPTURE_AUTORELEASING = YES;
				CLANG_WARN_BOOL_CONVERSION = YES;
				CLANG_WARN_COMMA = YES;
				CLANG_WARN_CONSTANT_CONVERSION = YES;
				CLANG_WARN_DEPRECATED_OBJC_IMPLEMENTATIONS = YES;
				CLANG_WARN_DIRECT_OBJC_ISA_USAGE = YES_ERROR;
				CLANG_WARN_DOCUMENTATION_COMMENTS = YES;
				CLANG_WARN_EMPTY_BODY = YES;
				CLANG_WARN_ENUM_CONVERSION = YES;
				CLANG_WARN_INFINITE_RECURSION = YES;
				CLANG_WARN_INT_CONVERSION = YES;
				CLANG_WARN_NON_LITERAL_NULL_CONVERSION = YES;
				CLANG_WARN_OBJC_IMPLICIT_RETAIN_SELF = YES;
				CLANG_WARN_OBJC_LITERAL_CONVERSION = YES;
				CLANG_WARN_OBJC_ROOT_CLASS = YES_ERROR;
				CLANG_WARN_QUOTED_INCLUDE_IN_FRAMEWORK_HEADER = YES;
				CLANG_WARN_RANGE_LOOP_ANALYSIS = YES;
				CLANG_WARN_STRICT_PROTOTYPES = YES;
				CLANG_WARN_SUSPICIOUS_MOVE = YES;
				CLANG_WARN_UNGUARDED_AVAILABILITY = YES_AGGRESSIVE;
				CLANG_WARN_UNREACHABLE_CODE = YES;
				CLANG_WARN__DUPLICATE_METHOD_MATCH = YES;
				COPY_PHASE_STRIP = NO;
				DEBUG_INFORMATION_FORMAT = dwarf;
				ENABLE_STRICT_OBJC_MSGSEND = YES;
				ENABLE_TESTABILITY = YES;
				GCC_C_LANGUAGE_STANDARD = gnu11;
				GCC_DYNAMIC_NO_PIC = NO;
				GCC_NO_COMMON_BLOCKS = YES;
				GCC_OPTIMIZATION_LEVEL = 0;
				GCC_PREPROCESSOR_DEFINITIONS = (
					"DEBUG=1",
					"$(inherited)",
				);
				GCC_WARN_64_TO_32_BIT_CONVERSION = YES;
				GCC_WARN_ABOUT_RETURN_TYPE = YES_ERROR;
				GCC_WARN_UNDECLARED_SELECTOR = YES;
				GCC_WARN_UNINITIALIZED_AUTOS = YES_AGGRESSIVE;
				GCC_WARN_UNUSED_FUNCTION = YES;
				GCC_WARN_UNUSED_VARIABLE = YES;
				IPHONEOS_DEPLOYMENT_TARGET = 15.2;
				MTL_ENABLE_DEBUG_INFO = INCLUDE_SOURCE;
				MTL_FAST_MATH = YES;
				ONLY_ACTIVE_ARCH = YES;
				SDKROOT = iphoneos;
				SWIFT_ACTIVE_COMPILATION_CONDITIONS = DEBUG;
				SWIFT_OPTIMIZATION_LEVEL = "-Onone";
			};
			name = Debug;
		};
		0962BC3727CA71D2005ECD8C /* Release */ = {
			isa = XCBuildConfiguration;
			buildSettings = {
				ALWAYS_SEARCH_USER_PATHS = NO;
				CLANG_ANALYZER_LOCALIZABILITY_NONLOCALIZED = YES;
				CLANG_ANALYZER_NONNULL = YES;
				CLANG_ANALYZER_NUMBER_OBJECT_CONVERSION = YES_AGGRESSIVE;
				CLANG_CXX_LANGUAGE_STANDARD = "gnu++17";
				CLANG_CXX_LIBRARY = "libc++";
				CLANG_ENABLE_MODULES = YES;
				CLANG_ENABLE_OBJC_ARC = YES;
				CLANG_ENABLE_OBJC_WEAK = YES;
				CLANG_WARN_BLOCK_CAPTURE_AUTORELEASING = YES;
				CLANG_WARN_BOOL_CONVERSION = YES;
				CLANG_WARN_COMMA = YES;
				CLANG_WARN_CONSTANT_CONVERSION = YES;
				CLANG_WARN_DEPRECATED_OBJC_IMPLEMENTATIONS = YES;
				CLANG_WARN_DIRECT_OBJC_ISA_USAGE = YES_ERROR;
				CLANG_WARN_DOCUMENTATION_COMMENTS = YES;
				CLANG_WARN_EMPTY_BODY = YES;
				CLANG_WARN_ENUM_CONVERSION = YES;
				CLANG_WARN_INFINITE_RECURSION = YES;
				CLANG_WARN_INT_CONVERSION = YES;
				CLANG_WARN_NON_LITERAL_NULL_CONVERSION = YES;
				CLANG_WARN_OBJC_IMPLICIT_RETAIN_SELF = YES;
				CLANG_WARN_OBJC_LITERAL_CONVERSION = YES;
				CLANG_WARN_OBJC_ROOT_CLASS = YES_ERROR;
				CLANG_WARN_QUOTED_INCLUDE_IN_FRAMEWORK_HEADER = YES;
				CLANG_WARN_RANGE_LOOP_ANALYSIS = YES;
				CLANG_WARN_STRICT_PROTOTYPES = YES;
				CLANG_WARN_SUSPICIOUS_MOVE = YES;
				CLANG_WARN_UNGUARDED_AVAILABILITY = YES_AGGRESSIVE;
				CLANG_WARN_UNREACHABLE_CODE = YES;
				CLANG_WARN__DUPLICATE_METHOD_MATCH = YES;
				COPY_PHASE_STRIP = NO;
				DEBUG_INFORMATION_FORMAT = "dwarf-with-dsym";
				ENABLE_NS_ASSERTIONS = NO;
				ENABLE_STRICT_OBJC_MSGSEND = YES;
				GCC_C_LANGUAGE_STANDARD = gnu11;
				GCC_NO_COMMON_BLOCKS = YES;
				GCC_WARN_64_TO_32_BIT_CONVERSION = YES;
				GCC_WARN_ABOUT_RETURN_TYPE = YES_ERROR;
				GCC_WARN_UNDECLARED_SELECTOR = YES;
				GCC_WARN_UNINITIALIZED_AUTOS = YES_AGGRESSIVE;
				GCC_WARN_UNUSED_FUNCTION = YES;
				GCC_WARN_UNUSED_VARIABLE = YES;
				IPHONEOS_DEPLOYMENT_TARGET = 15.2;
				MTL_ENABLE_DEBUG_INFO = NO;
				MTL_FAST_MATH = YES;
				SDKROOT = iphoneos;
				SWIFT_COMPILATION_MODE = wholemodule;
				SWIFT_OPTIMIZATION_LEVEL = "-O";
				VALIDATE_PRODUCT = YES;
			};
			name = Release;
		};
		0962BC3927CA71D2005ECD8C /* Debug */ = {
			isa = XCBuildConfiguration;
			buildSettings = {
				ASSETCATALOG_COMPILER_APPICON_NAME = AppIcon;
				ASSETCATALOG_COMPILER_GLOBAL_ACCENT_COLOR_NAME = AccentColor;
				CODE_SIGN_STYLE = Automatic;
				CURRENT_PROJECT_VERSION = 1;
				DEVELOPMENT_TEAM = CV24DC768Z;
				GENERATE_INFOPLIST_FILE = YES;
				INFOPLIST_FILE = SheetPresentationController/Info.plist;
				INFOPLIST_KEY_UIApplicationSupportsIndirectInputEvents = YES;
				INFOPLIST_KEY_UILaunchStoryboardName = LaunchScreen;
				INFOPLIST_KEY_UIMainStoryboardFile = Main;
				INFOPLIST_KEY_UISupportedInterfaceOrientations_iPad = "UIInterfaceOrientationPortrait UIInterfaceOrientationPortraitUpsideDown UIInterfaceOrientationLandscapeLeft UIInterfaceOrientationLandscapeRight";
				INFOPLIST_KEY_UISupportedInterfaceOrientations_iPhone = "UIInterfaceOrientationPortrait UIInterfaceOrientationLandscapeLeft UIInterfaceOrientationLandscapeRight";
				IPHONEOS_DEPLOYMENT_TARGET = 15.2;
				LD_RUNPATH_SEARCH_PATHS = (
					"$(inherited)",
					"@executable_path/Frameworks",
				);
				MARKETING_VERSION = 1.0;
				PRODUCT_BUNDLE_IDENTIFIER = salin.SheetPresentationController;
				PRODUCT_NAME = "$(TARGET_NAME)";
				SWIFT_EMIT_LOC_STRINGS = YES;
				SWIFT_VERSION = 5.0;
				TARGETED_DEVICE_FAMILY = "1,2";
			};
			name = Debug;
		};
		0962BC3A27CA71D2005ECD8C /* Release */ = {
			isa = XCBuildConfiguration;
			buildSettings = {
				ASSETCATALOG_COMPILER_APPICON_NAME = AppIcon;
				ASSETCATALOG_COMPILER_GLOBAL_ACCENT_COLOR_NAME = AccentColor;
				CODE_SIGN_STYLE = Automatic;
				CURRENT_PROJECT_VERSION = 1;
				DEVELOPMENT_TEAM = CV24DC768Z;
				GENERATE_INFOPLIST_FILE = YES;
				INFOPLIST_FILE = SheetPresentationController/Info.plist;
				INFOPLIST_KEY_UIApplicationSupportsIndirectInputEvents = YES;
				INFOPLIST_KEY_UILaunchStoryboardName = LaunchScreen;
				INFOPLIST_KEY_UIMainStoryboardFile = Main;
				INFOPLIST_KEY_UISupportedInterfaceOrientations_iPad = "UIInterfaceOrientationPortrait UIInterfaceOrientationPortraitUpsideDown UIInterfaceOrientationLandscapeLeft UIInterfaceOrientationLandscapeRight";
				INFOPLIST_KEY_UISupportedInterfaceOrientations_iPhone = "UIInterfaceOrientationPortrait UIInterfaceOrientationLandscapeLeft UIInterfaceOrientationLandscapeRight";
				IPHONEOS_DEPLOYMENT_TARGET = 15.2;
				LD_RUNPATH_SEARCH_PATHS = (
					"$(inherited)",
					"@executable_path/Frameworks",
				);
				MARKETING_VERSION = 1.0;
				PRODUCT_BUNDLE_IDENTIFIER = salin.SheetPresentationController;
				PRODUCT_NAME = "$(TARGET_NAME)";
				SWIFT_EMIT_LOC_STRINGS = YES;
				SWIFT_VERSION = 5.0;
				TARGETED_DEVICE_FAMILY = "1,2";
			};
			name = Release;
		};
/* End XCBuildConfiguration section */

/* Begin XCConfigurationList section */
		0962BC1F27CA71D0005ECD8C /* Build configuration list for PBXProject "SheetPresentationController" */ = {
			isa = XCConfigurationList;
			buildConfigurations = (
				0962BC3627CA71D2005ECD8C /* Debug */,
				0962BC3727CA71D2005ECD8C /* Release */,
			);
			defaultConfigurationIsVisible = 0;
			defaultConfigurationName = Release;
		};
		0962BC3827CA71D2005ECD8C /* Build configuration list for PBXNativeTarget "SheetPresentationController" */ = {
			isa = XCConfigurationList;
			buildConfigurations = (
				0962BC3927CA71D2005ECD8C /* Debug */,
				0962BC3A27CA71D2005ECD8C /* Release */,
			);
			defaultConfigurationIsVisible = 0;
			defaultConfigurationName = Release;
		};
/* End XCConfigurationList section */
	};
	rootObject = 0962BC1C27CA71D0005ECD8C /* Project object */;
}
